
Microsoft Visual Studio Solution File, Format Version 12.00
# Visual Studio Version 16
VisualStudioVersion = 16.0.29509.3
MinimumVisualStudioVersion = 10.0.40219.1
Project("{FAE04EC0-301F-11D3-BF4B-00C04F79EFBC}") = "MarlinComunicationHelper", "MarlinComunicationHelper\MarlinComunicationHelper.csproj", "{64426822-468D-48C2-A748-A19780CDBC8D}"
EndProject
Project("{FAE04EC0-301F-11D3-BF4B-00C04F79EFBC}") = "Marlin3DprinterTool", "Marlin3DprinterTool\Marlin3DprinterTool.csproj", "{6093F344-229A-4E2E-9F74-A17F7EE61115}"
EndProject
Project("{FAE04EC0-301F-11D3-BF4B-00C04F79EFBC}") = "MarlinEditor", "MarlinEditor\MarlinEditor.csproj", "{413041BB-8C4C-4905-9AC4-0B85119DEEB7}"
EndProject
Project("{FAE04EC0-301F-11D3-BF4B-00C04F79EFBC}") = "Marlin3DprinterStlViewer", "Marlin3DprinterStlViewer\Marlin3DprinterStlViewer.csproj", "{CB7CDEA2-D23A-4761-B7E8-E42E31CBF686}"
EndProject
Project("{FAE04EC0-301F-11D3-BF4B-00C04F79EFBC}") = "MarlinDocumentation", "MarlinDocumentation\MarlinDocumentation.csproj", "{0909412D-4C12-49F6-9225-B60349C29D02}"
EndProject
Project("{FAE04EC0-301F-11D3-BF4B-00C04F79EFBC}") = "Marlin3DprinterToolUserControls", "Marlin3DprinterToolUserControls\Marlin3DprinterToolUserControls.csproj", "{D2627DFC-7450-4F41-8C80-A261BFD52D34}"
EndProject
Project("{FAE04EC0-301F-11D3-BF4B-00C04F79EFBC}") = "Marlin3DprinterToolConfiguration", "Marlin3DprinterToolConfiguration\Marlin3DprinterToolConfiguration.csproj", "{A8FE0E27-F9C1-466B-A404-28993E7F75CD}"
EndProject
Project("{FAE04EC0-301F-11D3-BF4B-00C04F79EFBC}") = "Marlin3DprinterToolStlThumbnailProvider", "Marlin3DprinterToolStlThumbnailProvider\Marlin3DprinterToolStlThumbnailProvider.csproj", "{7168404A-2B71-45E9-9BC7-C4E2277AE4B7}"
EndProject
Project("{FAE04EC0-301F-11D3-BF4B-00C04F79EFBC}") = "Marlin3DprinterToolStlConfiguration", "Marlin3DprinterToolStlConfiguration\Marlin3DprinterToolStlConfiguration.csproj", "{24A6D419-294C-4A8B-BCD2-233E2C9D55DB}"
EndProject
Project("{FAE04EC0-301F-11D3-BF4B-00C04F79EFBC}") = "ArduinoIDE", "ArduinoIDE\ArduinoIDE.csproj", "{869FCFAD-FDF5-43AE-93AF-9906B8BD98DA}"
EndProject
Project("{FAE04EC0-301F-11D3-BF4B-00C04F79EFBC}") = "AutoUpdater", "AutoUpdater\AutoUpdater.csproj", "{91DF7112-9B3C-4315-9D8A-B55B056D8D1F}"
EndProject
Project("{FAE04EC0-301F-11D3-BF4B-00C04F79EFBC}") = "MarlinConfigurator", "MarlinConfigurator\MarlinConfigurator.csproj", "{7D808E0C-A421-42AF-ACFF-849BDB2ABAFA}"
EndProject
Project("{FAE04EC0-301F-11D3-BF4B-00C04F79EFBC}") = "Marlin3DprinterToolUserControlsUnitTest", "Marlin3DprinterToolUserControlsUnitTest\Marlin3DprinterToolUserControlsUnitTest.csproj", "{2D3A3700-3E7F-4E61-B5FD-D29B0B9FF172}"
EndProject
Global
	GlobalSection(SolutionConfigurationPlatforms) = preSolution
		Debug|Any CPU = Debug|Any CPU
		Debug|x64 = Debug|x64
		Debug|x86 = Debug|x86
		Release|Any CPU = Release|Any CPU
		Release|x64 = Release|x64
		Release|x86 = Release|x86
	EndGlobalSection
	GlobalSection(ProjectConfigurationPlatforms) = postSolution
		{64426822-468D-48C2-A748-A19780CDBC8D}.Debug|Any CPU.ActiveCfg = Debug|x86
		{64426822-468D-48C2-A748-A19780CDBC8D}.Debug|Any CPU.Build.0 = Debug|x86
		{64426822-468D-48C2-A748-A19780CDBC8D}.Debug|x64.ActiveCfg = Debug|x86
		{64426822-468D-48C2-A748-A19780CDBC8D}.Debug|x64.Build.0 = Debug|x86
		{64426822-468D-48C2-A748-A19780CDBC8D}.Debug|x86.ActiveCfg = Debug|x86
		{64426822-468D-48C2-A748-A19780CDBC8D}.Debug|x86.Build.0 = Debug|x86
		{64426822-468D-48C2-A748-A19780CDBC8D}.Release|Any CPU.ActiveCfg = Release|x86
		{64426822-468D-48C2-A748-A19780CDBC8D}.Release|Any CPU.Build.0 = Release|x86
		{64426822-468D-48C2-A748-A19780CDBC8D}.Release|x64.ActiveCfg = Release|x86
		{64426822-468D-48C2-A748-A19780CDBC8D}.Release|x64.Build.0 = Release|x86
		{64426822-468D-48C2-A748-A19780CDBC8D}.Release|x86.ActiveCfg = Release|x86
		{64426822-468D-48C2-A748-A19780CDBC8D}.Release|x86.Build.0 = Release|x86
		{6093F344-229A-4E2E-9F74-A17F7EE61115}.Debug|Any CPU.ActiveCfg = Debug|x86
		{6093F344-229A-4E2E-9F74-A17F7EE61115}.Debug|Any CPU.Build.0 = Debug|x86
		{6093F344-229A-4E2E-9F74-A17F7EE61115}.Debug|x64.ActiveCfg = Debug|x86
		{6093F344-229A-4E2E-9F74-A17F7EE61115}.Debug|x64.Build.0 = Debug|x86
		{6093F344-229A-4E2E-9F74-A17F7EE61115}.Debug|x86.ActiveCfg = Debug|x86
		{6093F344-229A-4E2E-9F74-A17F7EE61115}.Debug|x86.Build.0 = Debug|x86
		{6093F344-229A-4E2E-9F74-A17F7EE61115}.Release|Any CPU.ActiveCfg = Release|x86
		{6093F344-229A-4E2E-9F74-A17F7EE61115}.Release|Any CPU.Build.0 = Release|x86
		{6093F344-229A-4E2E-9F74-A17F7EE61115}.Release|x64.ActiveCfg = Release|x86
		{6093F344-229A-4E2E-9F74-A17F7EE61115}.Release|x64.Build.0 = Release|x86
		{6093F344-229A-4E2E-9F74-A17F7EE61115}.Release|x86.ActiveCfg = Release|x86
		{6093F344-229A-4E2E-9F74-A17F7EE61115}.Release|x86.Build.0 = Release|x86
		{413041BB-8C4C-4905-9AC4-0B85119DEEB7}.Debug|Any CPU.ActiveCfg = Debug|x86
		{413041BB-8C4C-4905-9AC4-0B85119DEEB7}.Debug|Any CPU.Build.0 = Debug|x86
		{413041BB-8C4C-4905-9AC4-0B85119DEEB7}.Debug|x64.ActiveCfg = Debug|x86
		{413041BB-8C4C-4905-9AC4-0B85119DEEB7}.Debug|x64.Build.0 = Debug|x86
		{413041BB-8C4C-4905-9AC4-0B85119DEEB7}.Debug|x86.ActiveCfg = Debug|x86
		{413041BB-8C4C-4905-9AC4-0B85119DEEB7}.Debug|x86.Build.0 = Debug|x86
		{413041BB-8C4C-4905-9AC4-0B85119DEEB7}.Release|Any CPU.ActiveCfg = Release|x86
		{413041BB-8C4C-4905-9AC4-0B85119DEEB7}.Release|Any CPU.Build.0 = Release|x86
		{413041BB-8C4C-4905-9AC4-0B85119DEEB7}.Release|x64.ActiveCfg = Release|x86
		{413041BB-8C4C-4905-9AC4-0B85119DEEB7}.Release|x64.Build.0 = Release|x86
		{413041BB-8C4C-4905-9AC4-0B85119DEEB7}.Release|x86.ActiveCfg = Release|x86
		{413041BB-8C4C-4905-9AC4-0B85119DEEB7}.Release|x86.Build.0 = Release|x86
		{CB7CDEA2-D23A-4761-B7E8-E42E31CBF686}.Debug|Any CPU.ActiveCfg = Debug|x86
		{CB7CDEA2-D23A-4761-B7E8-E42E31CBF686}.Debug|Any CPU.Build.0 = Debug|x86
		{CB7CDEA2-D23A-4761-B7E8-E42E31CBF686}.Debug|x64.ActiveCfg = Debug|x86
		{CB7CDEA2-D23A-4761-B7E8-E42E31CBF686}.Debug|x64.Build.0 = Debug|x86
		{CB7CDEA2-D23A-4761-B7E8-E42E31CBF686}.Debug|x86.ActiveCfg = Debug|x86
		{CB7CDEA2-D23A-4761-B7E8-E42E31CBF686}.Debug|x86.Build.0 = Debug|x86
		{CB7CDEA2-D23A-4761-B7E8-E42E31CBF686}.Release|Any CPU.ActiveCfg = Release|x86
		{CB7CDEA2-D23A-4761-B7E8-E42E31CBF686}.Release|Any CPU.Build.0 = Release|x86
		{CB7CDEA2-D23A-4761-B7E8-E42E31CBF686}.Release|x64.ActiveCfg = Release|x86
		{CB7CDEA2-D23A-4761-B7E8-E42E31CBF686}.Release|x64.Build.0 = Release|x86
		{CB7CDEA2-D23A-4761-B7E8-E42E31CBF686}.Release|x86.ActiveCfg = Release|x86
		{CB7CDEA2-D23A-4761-B7E8-E42E31CBF686}.Release|x86.Build.0 = Release|x86
		{0909412D-4C12-49F6-9225-B60349C29D02}.Debug|Any CPU.ActiveCfg = Debug|x86
		{0909412D-4C12-49F6-9225-B60349C29D02}.Debug|Any CPU.Build.0 = Debug|x86
		{0909412D-4C12-49F6-9225-B60349C29D02}.Debug|x64.ActiveCfg = Debug|x86
		{0909412D-4C12-49F6-9225-B60349C29D02}.Debug|x64.Build.0 = Debug|x86
		{0909412D-4C12-49F6-9225-B60349C29D02}.Debug|x86.ActiveCfg = Debug|x86
		{0909412D-4C12-49F6-9225-B60349C29D02}.Debug|x86.Build.0 = Debug|x86
		{0909412D-4C12-49F6-9225-B60349C29D02}.Release|Any CPU.ActiveCfg = Release|x86
		{0909412D-4C12-49F6-9225-B60349C29D02}.Release|Any CPU.Build.0 = Release|x86
		{0909412D-4C12-49F6-9225-B60349C29D02}.Release|x64.ActiveCfg = Release|x86
		{0909412D-4C12-49F6-9225-B60349C29D02}.Release|x64.Build.0 = Release|x86
		{0909412D-4C12-49F6-9225-B60349C29D02}.Release|x86.ActiveCfg = Release|x86
		{0909412D-4C12-49F6-9225-B60349C29D02}.Release|x86.Build.0 = Release|x86
		{D2627DFC-7450-4F41-8C80-A261BFD52D34}.Debug|Any CPU.ActiveCfg = Debug|x86
		{D2627DFC-7450-4F41-8C80-A261BFD52D34}.Debug|Any CPU.Build.0 = Debug|x86
		{D2627DFC-7450-4F41-8C80-A261BFD52D34}.Debug|x64.ActiveCfg = Debug|x86
		{D2627DFC-7450-4F41-8C80-A261BFD52D34}.Debug|x64.Build.0 = Debug|x86
		{D2627DFC-7450-4F41-8C80-A261BFD52D34}.Debug|x86.ActiveCfg = Debug|x86
		{D2627DFC-7450-4F41-8C80-A261BFD52D34}.Debug|x86.Build.0 = Debug|x86
		{D2627DFC-7450-4F41-8C80-A261BFD52D34}.Release|Any CPU.ActiveCfg = Release|x86
		{D2627DFC-7450-4F41-8C80-A261BFD52D34}.Release|Any CPU.Build.0 = Release|x86
		{D2627DFC-7450-4F41-8C80-A261BFD52D34}.Release|x64.ActiveCfg = Release|x86
		{D2627DFC-7450-4F41-8C80-A261BFD52D34}.Release|x64.Build.0 = Release|x86
		{D2627DFC-7450-4F41-8C80-A261BFD52D34}.Release|x86.ActiveCfg = Release|x86
		{D2627DFC-7450-4F41-8C80-A261BFD52D34}.Release|x86.Build.0 = Release|x86
		{A8FE0E27-F9C1-466B-A404-28993E7F75CD}.Debug|Any CPU.ActiveCfg = Debug|x86
		{A8FE0E27-F9C1-466B-A404-28993E7F75CD}.Debug|Any CPU.Build.0 = Debug|x86
		{A8FE0E27-F9C1-466B-A404-28993E7F75CD}.Debug|x64.ActiveCfg = Debug|x86
		{A8FE0E27-F9C1-466B-A404-28993E7F75CD}.Debug|x64.Build.0 = Debug|x86
		{A8FE0E27-F9C1-466B-A404-28993E7F75CD}.Debug|x86.ActiveCfg = Debug|x86
		{A8FE0E27-F9C1-466B-A404-28993E7F75CD}.Debug|x86.Build.0 = Debug|x86
		{A8FE0E27-F9C1-466B-A404-28993E7F75CD}.Release|Any CPU.ActiveCfg = Release|x86
		{A8FE0E27-F9C1-466B-A404-28993E7F75CD}.Release|Any CPU.Build.0 = Release|x86
		{A8FE0E27-F9C1-466B-A404-28993E7F75CD}.Release|x64.ActiveCfg = Release|x86
		{A8FE0E27-F9C1-466B-A404-28993E7F75CD}.Release|x64.Build.0 = Release|x86
		{A8FE0E27-F9C1-466B-A404-28993E7F75CD}.Release|x86.ActiveCfg = Release|x86
		{A8FE0E27-F9C1-466B-A404-28993E7F75CD}.Release|x86.Build.0 = Release|x86
		{7168404A-2B71-45E9-9BC7-C4E2277AE4B7}.Debug|Any CPU.ActiveCfg = Debug|x86
		{7168404A-2B71-45E9-9BC7-C4E2277AE4B7}.Debug|Any CPU.Build.0 = Debug|x86
		{7168404A-2B71-45E9-9BC7-C4E2277AE4B7}.Debug|x64.ActiveCfg = Debug|x86
		{7168404A-2B71-45E9-9BC7-C4E2277AE4B7}.Debug|x64.Build.0 = Debug|x86
		{7168404A-2B71-45E9-9BC7-C4E2277AE4B7}.Debug|x86.ActiveCfg = Debug|x86
		{7168404A-2B71-45E9-9BC7-C4E2277AE4B7}.Debug|x86.Build.0 = Debug|x86
		{7168404A-2B71-45E9-9BC7-C4E2277AE4B7}.Release|Any CPU.ActiveCfg = Release|x86
		{7168404A-2B71-45E9-9BC7-C4E2277AE4B7}.Release|Any CPU.Build.0 = Release|x86
		{7168404A-2B71-45E9-9BC7-C4E2277AE4B7}.Release|x64.ActiveCfg = Release|x86
		{7168404A-2B71-45E9-9BC7-C4E2277AE4B7}.Release|x64.Build.0 = Release|x86
		{7168404A-2B71-45E9-9BC7-C4E2277AE4B7}.Release|x86.ActiveCfg = Release|x86
		{7168404A-2B71-45E9-9BC7-C4E2277AE4B7}.Release|x86.Build.0 = Release|x86
		{24A6D419-294C-4A8B-BCD2-233E2C9D55DB}.Debug|Any CPU.ActiveCfg = Debug|x86
		{24A6D419-294C-4A8B-BCD2-233E2C9D55DB}.Debug|Any CPU.Build.0 = Debug|x86
		{24A6D419-294C-4A8B-BCD2-233E2C9D55DB}.Debug|x64.ActiveCfg = Debug|x86
		{24A6D419-294C-4A8B-BCD2-233E2C9D55DB}.Debug|x64.Build.0 = Debug|x86
		{24A6D419-294C-4A8B-BCD2-233E2C9D55DB}.Debug|x86.ActiveCfg = Debug|x86
		{24A6D419-294C-4A8B-BCD2-233E2C9D55DB}.Debug|x86.Build.0 = Debug|x86
		{24A6D419-294C-4A8B-BCD2-233E2C9D55DB}.Release|Any CPU.ActiveCfg = Release|x86
		{24A6D419-294C-4A8B-BCD2-233E2C9D55DB}.Release|Any CPU.Build.0 = Release|x86
		{24A6D419-294C-4A8B-BCD2-233E2C9D55DB}.Release|x64.ActiveCfg = Release|x86
		{24A6D419-294C-4A8B-BCD2-233E2C9D55DB}.Release|x64.Build.0 = Release|x86
		{24A6D419-294C-4A8B-BCD2-233E2C9D55DB}.Release|x86.ActiveCfg = Release|x86
		{24A6D419-294C-4A8B-BCD2-233E2C9D55DB}.Release|x86.Build.0 = Release|x86
		{869FCFAD-FDF5-43AE-93AF-9906B8BD98DA}.Debug|Any CPU.ActiveCfg = Debug|x86
		{869FCFAD-FDF5-43AE-93AF-9906B8BD98DA}.Debug|Any CPU.Build.0 = Debug|x86
		{869FCFAD-FDF5-43AE-93AF-9906B8BD98DA}.Debug|x64.ActiveCfg = Debug|x86
		{869FCFAD-FDF5-43AE-93AF-9906B8BD98DA}.Debug|x64.Build.0 = Debug|x86
		{869FCFAD-FDF5-43AE-93AF-9906B8BD98DA}.Debug|x86.ActiveCfg = Debug|x86
		{869FCFAD-FDF5-43AE-93AF-9906B8BD98DA}.Debug|x86.Build.0 = Debug|x86
		{869FCFAD-FDF5-43AE-93AF-9906B8BD98DA}.Release|Any CPU.ActiveCfg = Release|x86
		{869FCFAD-FDF5-43AE-93AF-9906B8BD98DA}.Release|Any CPU.Build.0 = Release|x86
		{869FCFAD-FDF5-43AE-93AF-9906B8BD98DA}.Release|x64.ActiveCfg = Release|x86
		{869FCFAD-FDF5-43AE-93AF-9906B8BD98DA}.Release|x64.Build.0 = Release|x86
		{869FCFAD-FDF5-43AE-93AF-9906B8BD98DA}.Release|x86.ActiveCfg = Release|x86
		{869FCFAD-FDF5-43AE-93AF-9906B8BD98DA}.Release|x86.Build.0 = Release|x86
		{91DF7112-9B3C-4315-9D8A-B55B056D8D1F}.Debug|Any CPU.ActiveCfg = Debug|x86
		{91DF7112-9B3C-4315-9D8A-B55B056D8D1F}.Debug|Any CPU.Build.0 = Debug|x86
		{91DF7112-9B3C-4315-9D8A-B55B056D8D1F}.Debug|x64.ActiveCfg = Debug|x86
		{91DF7112-9B3C-4315-9D8A-B55B056D8D1F}.Debug|x64.Build.0 = Debug|x86
		{91DF7112-9B3C-4315-9D8A-B55B056D8D1F}.Debug|x86.ActiveCfg = Debug|x86
		{91DF7112-9B3C-4315-9D8A-B55B056D8D1F}.Debug|x86.Build.0 = Debug|x86
		{91DF7112-9B3C-4315-9D8A-B55B056D8D1F}.Release|Any CPU.ActiveCfg = Release|x86
		{91DF7112-9B3C-4315-9D8A-B55B056D8D1F}.Release|Any CPU.Build.0 = Release|x86
		{91DF7112-9B3C-4315-9D8A-B55B056D8D1F}.Release|x64.ActiveCfg = Release|x86
		{91DF7112-9B3C-4315-9D8A-B55B056D8D1F}.Release|x64.Build.0 = Release|x86
		{91DF7112-9B3C-4315-9D8A-B55B056D8D1F}.Release|x86.ActiveCfg = Release|x86
		{91DF7112-9B3C-4315-9D8A-B55B056D8D1F}.Release|x86.Build.0 = Release|x86
		{7D808E0C-A421-42AF-ACFF-849BDB2ABAFA}.Debug|Any CPU.ActiveCfg = Debug|x86
		{7D808E0C-A421-42AF-ACFF-849BDB2ABAFA}.Debug|Any CPU.Build.0 = Debug|x86
		{7D808E0C-A421-42AF-ACFF-849BDB2ABAFA}.Debug|x64.ActiveCfg = Debug|x86
		{7D808E0C-A421-42AF-ACFF-849BDB2ABAFA}.Debug|x64.Build.0 = Debug|x86
		{7D808E0C-A421-42AF-ACFF-849BDB2ABAFA}.Debug|x86.ActiveCfg = Debug|x86
		{7D808E0C-A421-42AF-ACFF-849BDB2ABAFA}.Debug|x86.Build.0 = Debug|x86
		{7D808E0C-A421-42AF-ACFF-849BDB2ABAFA}.Release|Any CPU.ActiveCfg = Release|Any CPU
		{7D808E0C-A421-42AF-ACFF-849BDB2ABAFA}.Release|Any CPU.Build.0 = Release|Any CPU
		{7D808E0C-A421-42AF-ACFF-849BDB2ABAFA}.Release|x64.ActiveCfg = Release|x86
		{7D808E0C-A421-42AF-ACFF-849BDB2ABAFA}.Release|x64.Build.0 = Release|x86
		{7D808E0C-A421-42AF-ACFF-849BDB2ABAFA}.Release|x86.ActiveCfg = Release|x86
		{7D808E0C-A421-42AF-ACFF-849BDB2ABAFA}.Release|x86.Build.0 = Release|x86
		{2D3A3700-3E7F-4E61-B5FD-D29B0B9FF172}.Debug|Any CPU.ActiveCfg = Debug|Any CPU
		{2D3A3700-3E7F-4E61-B5FD-D29B0B9FF172}.Debug|Any CPU.Build.0 = Debug|Any CPU
		{2D3A3700-3E7F-4E61-B5FD-D29B0B9FF172}.Debug|x64.ActiveCfg = Debug|Any CPU
		{2D3A3700-3E7F-4E61-B5FD-D29B0B9FF172}.Debug|x64.Build.0 = Debug|Any CPU
		{2D3A3700-3E7F-4E61-B5FD-D29B0B9FF172}.Debug|x86.ActiveCfg = Release|Any CPU
		{2D3A3700-3E7F-4E61-B5FD-D29B0B9FF172}.Debug|x86.Build.0 = Release|Any CPU
		{2D3A3700-3E7F-4E61-B5FD-D29B0B9FF172}.Release|Any CPU.ActiveCfg = Release|Any CPU
		{2D3A3700-3E7F-4E61-B5FD-D29B0B9FF172}.Release|Any CPU.Build.0 = Release|Any CPU
		{2D3A3700-3E7F-4E61-B5FD-D29B0B9FF172}.Release|x64.ActiveCfg = Release|Any CPU
		{2D3A3700-3E7F-4E61-B5FD-D29B0B9FF172}.Release|x64.Build.0 = Release|Any CPU
		{2D3A3700-3E7F-4E61-B5FD-D29B0B9FF172}.Release|x86.ActiveCfg = Release|Any CPU
		{2D3A3700-3E7F-4E61-B5FD-D29B0B9FF172}.Release|x86.Build.0 = Release|Any CPU
	EndGlobalSection
	GlobalSection(SolutionProperties) = preSolution
		HideSolutionNode = FALSE
	EndGlobalSection
	GlobalSection(ExtensibilityGlobals) = postSolution
		SolutionGuid = {077E6EA4-999B-4A80-8B84-A51C4E123BDF}
	EndGlobalSection
EndGlobal
