
Microsoft Visual Studio Solution File, Format Version 12.00
# Visual Studio 14
VisualStudioVersion = 14.0.25420.1
MinimumVisualStudioVersion = 10.0.40219.1
Project("{FAE04EC0-301F-11D3-BF4B-00C04F79EFBC}") = "MarlinComunicationHelper", "MarlinComunicationHelper\MarlinComunicationHelper.csproj", "{64426822-468D-48C2-A748-A19780CDBC8D}"
EndProject
Project("{FAE04EC0-301F-11D3-BF4B-00C04F79EFBC}") = "Marlin3DprinterTool", "Marlin3DprinterTool\Marlin3DprinterTool.csproj", "{6093F344-229A-4E2E-9F74-A17F7EE61115}"
EndProject
Project("{930C7802-8A8C-48F9-8165-68863BCCD9DD}") = "InstallMarlin3DprinterTool", "InstallMarlin3DprinterTool\InstallMarlin3DprinterTool.wixproj", "{1F49108E-DBC3-4711-B4B9-06EA9A05BAD5}"
EndProject
Project("{FAE04EC0-301F-11D3-BF4B-00C04F79EFBC}") = "MarlinEditor", "MarlinEditor\MarlinEditor.csproj", "{413041BB-8C4C-4905-9AC4-0B85119DEEB7}"
EndProject
Project("{FAE04EC0-301F-11D3-BF4B-00C04F79EFBC}") = "Marlin3DprinterStlViewer", "Marlin3DprinterStlViewer\Marlin3DprinterStlViewer.csproj", "{CB7CDEA2-D23A-4761-B7E8-E42E31CBF686}"
EndProject
Global
	GlobalSection(SolutionConfigurationPlatforms) = preSolution
		Debug|Any CPU = Debug|Any CPU
		Debug|x64 = Debug|x64
		Debug|x86 = Debug|x86
		Release|Any CPU = Release|Any CPU
		Release|x64 = Release|x64
		Release|x86 = Release|x86
	EndGlobalSection
	GlobalSection(ProjectConfigurationPlatforms) = postSolution
		{64426822-468D-48C2-A748-A19780CDBC8D}.Debug|Any CPU.ActiveCfg = Debug|Any CPU
		{64426822-468D-48C2-A748-A19780CDBC8D}.Debug|Any CPU.Build.0 = Debug|Any CPU
		{64426822-468D-48C2-A748-A19780CDBC8D}.Debug|x64.ActiveCfg = Debug|Any CPU
		{64426822-468D-48C2-A748-A19780CDBC8D}.Debug|x64.Build.0 = Debug|Any CPU
		{64426822-468D-48C2-A748-A19780CDBC8D}.Debug|x86.ActiveCfg = Debug|Any CPU
		{64426822-468D-48C2-A748-A19780CDBC8D}.Debug|x86.Build.0 = Debug|Any CPU
		{64426822-468D-48C2-A748-A19780CDBC8D}.Release|Any CPU.ActiveCfg = Release|Any CPU
		{64426822-468D-48C2-A748-A19780CDBC8D}.Release|Any CPU.Build.0 = Release|Any CPU
		{64426822-468D-48C2-A748-A19780CDBC8D}.Release|x64.ActiveCfg = Release|Any CPU
		{64426822-468D-48C2-A748-A19780CDBC8D}.Release|x64.Build.0 = Release|Any CPU
		{64426822-468D-48C2-A748-A19780CDBC8D}.Release|x86.ActiveCfg = Release|Any CPU
		{64426822-468D-48C2-A748-A19780CDBC8D}.Release|x86.Build.0 = Release|Any CPU
		{6093F344-229A-4E2E-9F74-A17F7EE61115}.Debug|Any CPU.ActiveCfg = Debug|Any CPU
		{6093F344-229A-4E2E-9F74-A17F7EE61115}.Debug|Any CPU.Build.0 = Debug|Any CPU
		{6093F344-229A-4E2E-9F74-A17F7EE61115}.Debug|x64.ActiveCfg = Debug|Any CPU
		{6093F344-229A-4E2E-9F74-A17F7EE61115}.Debug|x64.Build.0 = Debug|Any CPU
		{6093F344-229A-4E2E-9F74-A17F7EE61115}.Debug|x86.ActiveCfg = Debug|Any CPU
		{6093F344-229A-4E2E-9F74-A17F7EE61115}.Debug|x86.Build.0 = Debug|Any CPU
		{6093F344-229A-4E2E-9F74-A17F7EE61115}.Release|Any CPU.ActiveCfg = Release|Any CPU
		{6093F344-229A-4E2E-9F74-A17F7EE61115}.Release|Any CPU.Build.0 = Release|Any CPU
		{6093F344-229A-4E2E-9F74-A17F7EE61115}.Release|x64.ActiveCfg = Release|Any CPU
		{6093F344-229A-4E2E-9F74-A17F7EE61115}.Release|x64.Build.0 = Release|Any CPU
		{6093F344-229A-4E2E-9F74-A17F7EE61115}.Release|x86.ActiveCfg = Release|Any CPU
		{6093F344-229A-4E2E-9F74-A17F7EE61115}.Release|x86.Build.0 = Release|Any CPU
		{1F49108E-DBC3-4711-B4B9-06EA9A05BAD5}.Debug|Any CPU.ActiveCfg = Debug|x86
		{1F49108E-DBC3-4711-B4B9-06EA9A05BAD5}.Debug|x64.ActiveCfg = Debug|x86
		{1F49108E-DBC3-4711-B4B9-06EA9A05BAD5}.Debug|x86.ActiveCfg = Debug|x86
		{1F49108E-DBC3-4711-B4B9-06EA9A05BAD5}.Debug|x86.Build.0 = Debug|x86
		{1F49108E-DBC3-4711-B4B9-06EA9A05BAD5}.Release|Any CPU.ActiveCfg = Release|x86
		{1F49108E-DBC3-4711-B4B9-06EA9A05BAD5}.Release|x64.ActiveCfg = Release|x86
		{1F49108E-DBC3-4711-B4B9-06EA9A05BAD5}.Release|x86.ActiveCfg = Release|x86
		{1F49108E-DBC3-4711-B4B9-06EA9A05BAD5}.Release|x86.Build.0 = Release|x86
		{413041BB-8C4C-4905-9AC4-0B85119DEEB7}.Debug|Any CPU.ActiveCfg = Debug|Any CPU
		{413041BB-8C4C-4905-9AC4-0B85119DEEB7}.Debug|Any CPU.Build.0 = Debug|Any CPU
		{413041BB-8C4C-4905-9AC4-0B85119DEEB7}.Debug|x64.ActiveCfg = Debug|Any CPU
		{413041BB-8C4C-4905-9AC4-0B85119DEEB7}.Debug|x64.Build.0 = Debug|Any CPU
		{413041BB-8C4C-4905-9AC4-0B85119DEEB7}.Debug|x86.ActiveCfg = Debug|Any CPU
		{413041BB-8C4C-4905-9AC4-0B85119DEEB7}.Debug|x86.Build.0 = Debug|Any CPU
		{413041BB-8C4C-4905-9AC4-0B85119DEEB7}.Release|Any CPU.ActiveCfg = Release|Any CPU
		{413041BB-8C4C-4905-9AC4-0B85119DEEB7}.Release|Any CPU.Build.0 = Release|Any CPU
		{413041BB-8C4C-4905-9AC4-0B85119DEEB7}.Release|x64.ActiveCfg = Release|Any CPU
		{413041BB-8C4C-4905-9AC4-0B85119DEEB7}.Release|x64.Build.0 = Release|Any CPU
		{413041BB-8C4C-4905-9AC4-0B85119DEEB7}.Release|x86.ActiveCfg = Release|Any CPU
		{413041BB-8C4C-4905-9AC4-0B85119DEEB7}.Release|x86.Build.0 = Release|Any CPU
		{CB7CDEA2-D23A-4761-B7E8-E42E31CBF686}.Debug|Any CPU.ActiveCfg = Debug|Any CPU
		{CB7CDEA2-D23A-4761-B7E8-E42E31CBF686}.Debug|Any CPU.Build.0 = Debug|Any CPU
		{CB7CDEA2-D23A-4761-B7E8-E42E31CBF686}.Debug|x64.ActiveCfg = Debug|Any CPU
		{CB7CDEA2-D23A-4761-B7E8-E42E31CBF686}.Debug|x64.Build.0 = Debug|Any CPU
		{CB7CDEA2-D23A-4761-B7E8-E42E31CBF686}.Debug|x86.ActiveCfg = Debug|Any CPU
		{CB7CDEA2-D23A-4761-B7E8-E42E31CBF686}.Debug|x86.Build.0 = Debug|Any CPU
		{CB7CDEA2-D23A-4761-B7E8-E42E31CBF686}.Release|Any CPU.ActiveCfg = Release|Any CPU
		{CB7CDEA2-D23A-4761-B7E8-E42E31CBF686}.Release|Any CPU.Build.0 = Release|Any CPU
		{CB7CDEA2-D23A-4761-B7E8-E42E31CBF686}.Release|x64.ActiveCfg = Release|Any CPU
		{CB7CDEA2-D23A-4761-B7E8-E42E31CBF686}.Release|x64.Build.0 = Release|Any CPU
		{CB7CDEA2-D23A-4761-B7E8-E42E31CBF686}.Release|x86.ActiveCfg = Release|Any CPU
		{CB7CDEA2-D23A-4761-B7E8-E42E31CBF686}.Release|x86.Build.0 = Release|Any CPU
	EndGlobalSection
	GlobalSection(SolutionProperties) = preSolution
		HideSolutionNode = FALSE
	EndGlobalSection
EndGlobal
